
Microsoft Visual Studio Solution File, Format Version 12.00
# Visual Studio Version 17
VisualStudioVersion = 17.11.35303.130
MinimumVisualStudioVersion = 10.0.40219.1
Project("{FAE04EC0-301F-11D3-BF4B-00C04F79EFBC}") = "LifeManagementApp", "LifeManagementApp\LifeManagementApp.csproj", "{B731C56A-E69B-4871-8EC2-2D56B5F174DF}"
EndProject
Global
	GlobalSection(SolutionConfigurationPlatforms) = preSolution
		Debug|Any CPU = Debug|Any CPU
		Release|Any CPU = Release|Any CPU
	EndGlobalSection
	GlobalSection(ProjectConfigurationPlatforms) = postSolution
		{B731C56A-E69B-4871-8EC2-2D56B5F174DF}.Debug|Any CPU.ActiveCfg = Debug|Any CPU
		{B731C56A-E69B-4871-8EC2-2D56B5F174DF}.Debug|Any CPU.Build.0 = Debug|Any CPU
		{B731C56A-E69B-4871-8EC2-2D56B5F174DF}.Debug|Any CPU.Deploy.0 = Debug|Any CPU
		{B731C56A-E69B-4871-8EC2-2D56B5F174DF}.Release|Any CPU.ActiveCfg = Release|Any CPU
		{B731C56A-E69B-4871-8EC2-2D56B5F174DF}.Release|Any CPU.Build.0 = Release|Any CPU
		{B731C56A-E69B-4871-8EC2-2D56B5F174DF}.Release|Any CPU.Deploy.0 = Release|Any CPU
	EndGlobalSection
	GlobalSection(SolutionProperties) = preSolution
		HideSolutionNode = FALSE
	EndGlobalSection
	GlobalSection(ExtensibilityGlobals) = postSolution
		SolutionGuid = {DD6B6EF3-8177-4E39-945A-240E4B21C014}
	EndGlobalSection
EndGlobal
